
Microsoft Visual Studio Solution File, Format Version 12.00
# Visual Studio 15
VisualStudioVersion = 15.0.28307.539
MinimumVisualStudioVersion = 10.0.40219.1
Project("{FAE04EC0-301F-11D3-BF4B-00C04F79EFBC}") = "Bokhylla", "Bokhylla\Bokhylla.csproj", "{5D4D9B9B-B5FA-4D20-A88A-887F15E1D385}"
EndProject
Project("{FAE04EC0-301F-11D3-BF4B-00C04F79EFBC}") = "Centraldator", "Centraldator\Centraldator.csproj", "{0328F01B-AD58-4B94-B295-99FEBA23D104}"
EndProject
Global
	GlobalSection(SolutionConfigurationPlatforms) = preSolution
		Debug|Any CPU = Debug|Any CPU
		Release|Any CPU = Release|Any CPU
	EndGlobalSection
	GlobalSection(ProjectConfigurationPlatforms) = postSolution
		{5D4D9B9B-B5FA-4D20-A88A-887F15E1D385}.Debug|Any CPU.ActiveCfg = Debug|Any CPU
		{5D4D9B9B-B5FA-4D20-A88A-887F15E1D385}.Debug|Any CPU.Build.0 = Debug|Any CPU
		{5D4D9B9B-B5FA-4D20-A88A-887F15E1D385}.Release|Any CPU.ActiveCfg = Release|Any CPU
		{5D4D9B9B-B5FA-4D20-A88A-887F15E1D385}.Release|Any CPU.Build.0 = Release|Any CPU
		{0328F01B-AD58-4B94-B295-99FEBA23D104}.Debug|Any CPU.ActiveCfg = Debug|Any CPU
		{0328F01B-AD58-4B94-B295-99FEBA23D104}.Debug|Any CPU.Build.0 = Debug|Any CPU
		{0328F01B-AD58-4B94-B295-99FEBA23D104}.Release|Any CPU.ActiveCfg = Release|Any CPU
		{0328F01B-AD58-4B94-B295-99FEBA23D104}.Release|Any CPU.Build.0 = Release|Any CPU
	EndGlobalSection
	GlobalSection(SolutionProperties) = preSolution
		HideSolutionNode = FALSE
	EndGlobalSection
	GlobalSection(ExtensibilityGlobals) = postSolution
		SolutionGuid = {410EBE52-26CE-4AE3-A314-C2557BC3BA83}
	EndGlobalSection
EndGlobal
